
Microsoft Visual Studio Solution File, Format Version 12.00
# Visual Studio Version 17
VisualStudioVersion = 17.9.34728.123
MinimumVisualStudioVersion = 10.0.40219.1
Project("{FAE04EC0-301F-11D3-BF4B-00C04F79EFBC}") = "HelloWorld.Console", "HelloWorld.Console\HelloWorld.Console.csproj", "{0231108B-4BA6-4040-8DB7-961D941CA97E}"
EndProject
Project("{FAE04EC0-301F-11D3-BF4B-00C04F79EFBC}") = "HelloWorld.WinForms", "HelloWorld.WinForms\HelloWorld.WinForms.csproj", "{C1F13D1C-CEC6-4F48-BD1B-D7F2B3F3347A}"
EndProject
Project("{FAE04EC0-301F-11D3-BF4B-00C04F79EFBC}") = "HelloWorld.WPF", "HelloWorld.WPF\HelloWorld.WPF.csproj", "{2B6C309B-7EC3-4A26-8D50-DA3272C617CA}"
EndProject
Project("{FAE04EC0-301F-11D3-BF4B-00C04F79EFBC}") = "HelloWorld.Razor", "HelloWorld.Razor\HelloWorld.Razor.csproj", "{238A5AD2-866B-44DB-ABE4-CB394FFBCC65}"
EndProject
Global
	GlobalSection(SolutionConfigurationPlatforms) = preSolution
		Debug|Any CPU = Debug|Any CPU
		Release|Any CPU = Release|Any CPU
	EndGlobalSection
	GlobalSection(ProjectConfigurationPlatforms) = postSolution
		{0231108B-4BA6-4040-8DB7-961D941CA97E}.Debug|Any CPU.ActiveCfg = Debug|Any CPU
		{0231108B-4BA6-4040-8DB7-961D941CA97E}.Debug|Any CPU.Build.0 = Debug|Any CPU
		{0231108B-4BA6-4040-8DB7-961D941CA97E}.Release|Any CPU.ActiveCfg = Release|Any CPU
		{0231108B-4BA6-4040-8DB7-961D941CA97E}.Release|Any CPU.Build.0 = Release|Any CPU
		{C1F13D1C-CEC6-4F48-BD1B-D7F2B3F3347A}.Debug|Any CPU.ActiveCfg = Debug|Any CPU
		{C1F13D1C-CEC6-4F48-BD1B-D7F2B3F3347A}.Debug|Any CPU.Build.0 = Debug|Any CPU
		{C1F13D1C-CEC6-4F48-BD1B-D7F2B3F3347A}.Release|Any CPU.ActiveCfg = Release|Any CPU
		{C1F13D1C-CEC6-4F48-BD1B-D7F2B3F3347A}.Release|Any CPU.Build.0 = Release|Any CPU
		{2B6C309B-7EC3-4A26-8D50-DA3272C617CA}.Debug|Any CPU.ActiveCfg = Debug|Any CPU
		{2B6C309B-7EC3-4A26-8D50-DA3272C617CA}.Debug|Any CPU.Build.0 = Debug|Any CPU
		{2B6C309B-7EC3-4A26-8D50-DA3272C617CA}.Release|Any CPU.ActiveCfg = Release|Any CPU
		{2B6C309B-7EC3-4A26-8D50-DA3272C617CA}.Release|Any CPU.Build.0 = Release|Any CPU
		{238A5AD2-866B-44DB-ABE4-CB394FFBCC65}.Debug|Any CPU.ActiveCfg = Debug|Any CPU
		{238A5AD2-866B-44DB-ABE4-CB394FFBCC65}.Debug|Any CPU.Build.0 = Debug|Any CPU
		{238A5AD2-866B-44DB-ABE4-CB394FFBCC65}.Release|Any CPU.ActiveCfg = Release|Any CPU
		{238A5AD2-866B-44DB-ABE4-CB394FFBCC65}.Release|Any CPU.Build.0 = Release|Any CPU
	EndGlobalSection
	GlobalSection(SolutionProperties) = preSolution
		HideSolutionNode = FALSE
	EndGlobalSection
	GlobalSection(ExtensibilityGlobals) = postSolution
		SolutionGuid = {36EF8F8E-4BBB-4D2B-BB08-00E0EE2CA765}
	EndGlobalSection
EndGlobal
